
Microsoft Visual Studio Solution File, Format Version 12.00
# Visual Studio 2012
Project("{FAE04EC0-301F-11D3-BF4B-00C04F79EFBC}") = "SwarmRobotControlAndCommunication", "SwarmRobotControlAndCommunication\SwarmRobotControlAndCommunication.csproj", "{9E86AA10-2392-439A-AB92-C4BD584EDEDA}"
EndProject
Project("{FAE04EC0-301F-11D3-BF4B-00C04F79EFBC}") = "usbGenericHidCommunications_3_0_0_0", "usbGenericHidCommunications\usbGenericHidCommunications_3_0_0_0.csproj", "{C999B884-6EC3-4AB6-AEF5-AD4D7E1E4FA9}"
EndProject
Project("{FAE04EC0-301F-11D3-BF4B-00C04F79EFBC}") = "TestSwarmRobotControlAndCommunication", "UnitTestProject1\TestSwarmRobotControlAndCommunication.csproj", "{17ED6EEE-6C1B-43D1-B126-6552CD9286E6}"
EndProject
Global
	GlobalSection(SolutionConfigurationPlatforms) = preSolution
		Debug|Any CPU = Debug|Any CPU
		Release|Any CPU = Release|Any CPU
	EndGlobalSection
	GlobalSection(ProjectConfigurationPlatforms) = postSolution
		{9E86AA10-2392-439A-AB92-C4BD584EDEDA}.Debug|Any CPU.ActiveCfg = Debug|Any CPU
		{9E86AA10-2392-439A-AB92-C4BD584EDEDA}.Debug|Any CPU.Build.0 = Debug|Any CPU
		{9E86AA10-2392-439A-AB92-C4BD584EDEDA}.Release|Any CPU.ActiveCfg = Release|Any CPU
		{9E86AA10-2392-439A-AB92-C4BD584EDEDA}.Release|Any CPU.Build.0 = Release|Any CPU
		{C999B884-6EC3-4AB6-AEF5-AD4D7E1E4FA9}.Debug|Any CPU.ActiveCfg = Debug|Any CPU
		{C999B884-6EC3-4AB6-AEF5-AD4D7E1E4FA9}.Debug|Any CPU.Build.0 = Debug|Any CPU
		{C999B884-6EC3-4AB6-AEF5-AD4D7E1E4FA9}.Release|Any CPU.ActiveCfg = Release|Any CPU
		{C999B884-6EC3-4AB6-AEF5-AD4D7E1E4FA9}.Release|Any CPU.Build.0 = Release|Any CPU
		{17ED6EEE-6C1B-43D1-B126-6552CD9286E6}.Debug|Any CPU.ActiveCfg = Debug|Any CPU
		{17ED6EEE-6C1B-43D1-B126-6552CD9286E6}.Debug|Any CPU.Build.0 = Debug|Any CPU
		{17ED6EEE-6C1B-43D1-B126-6552CD9286E6}.Release|Any CPU.ActiveCfg = Release|Any CPU
		{17ED6EEE-6C1B-43D1-B126-6552CD9286E6}.Release|Any CPU.Build.0 = Release|Any CPU
	EndGlobalSection
	GlobalSection(SolutionProperties) = preSolution
		HideSolutionNode = FALSE
	EndGlobalSection
EndGlobal
